
Microsoft Visual Studio Solution File, Format Version 12.00
# Visual Studio 15
VisualStudioVersion = 15.0.26430.15
MinimumVisualStudioVersion = 10.0.40219.1
Project("{FAE04EC0-301F-11D3-BF4B-00C04F79EFBC}") = "PathSearching1", "PathSearching1\PathSearching1.csproj", "{06043487-C8C7-4742-B307-4A213BAA3B61}"
EndProject
Global
	GlobalSection(SolutionConfigurationPlatforms) = preSolution
		Debug|Any CPU = Debug|Any CPU
		Release|Any CPU = Release|Any CPU
	EndGlobalSection
	GlobalSection(ProjectConfigurationPlatforms) = postSolution
		{06043487-C8C7-4742-B307-4A213BAA3B61}.Debug|Any CPU.ActiveCfg = Debug|Any CPU
		{06043487-C8C7-4742-B307-4A213BAA3B61}.Debug|Any CPU.Build.0 = Debug|Any CPU
		{06043487-C8C7-4742-B307-4A213BAA3B61}.Release|Any CPU.ActiveCfg = Release|Any CPU
		{06043487-C8C7-4742-B307-4A213BAA3B61}.Release|Any CPU.Build.0 = Release|Any CPU
	EndGlobalSection
	GlobalSection(SolutionProperties) = preSolution
		HideSolutionNode = FALSE
	EndGlobalSection
EndGlobal
